// !$*UTF8*$!
{
	archiveVersion = 1;
	classes = {
	};
	objectVersion = 56;
	objects = {

/* Begin PBXBuildFile section */
		331F6E4729A27AE60062B334 /* SignInPage.swift in Sources */ = {isa = PBXBuildFile; fileRef = 331F6E4629A27AE60062B334 /* SignInPage.swift */; };
		331F6E4929A2810B0062B334 /* PortalMenuOptions.swift in Sources */ = {isa = PBXBuildFile; fileRef = 331F6E4829A2810B0062B334 /* PortalMenuOptions.swift */; };
		331F6E4B29A285290062B334 /* PortalMenuPage.swift in Sources */ = {isa = PBXBuildFile; fileRef = 331F6E4A29A285290062B334 /* PortalMenuPage.swift */; };
		331F6E4D29A32BFE0062B334 /* ProfileMenuOptions.swift in Sources */ = {isa = PBXBuildFile; fileRef = 331F6E4C29A32BFE0062B334 /* ProfileMenuOptions.swift */; };
		331F6E4F29A48C090062B334 /* profileMenuPage.swift in Sources */ = {isa = PBXBuildFile; fileRef = 331F6E4E29A48C090062B334 /* profileMenuPage.swift */; };
		33E37E13299AA0680051EA44 /* main.swift in Sources */ = {isa = PBXBuildFile; fileRef = 33E37E12299AA0680051EA44 /* main.swift */; };
		33E37E1B299AA0870051EA44 /* Admin.swift in Sources */ = {isa = PBXBuildFile; fileRef = 33E37E1A299AA0870051EA44 /* Admin.swift */; };
		33E37E1D299AA0910051EA44 /* Student.swift in Sources */ = {isa = PBXBuildFile; fileRef = 33E37E1C299AA0910051EA44 /* Student.swift */; };
		33E7BABC299E06B700D85031 /* User.swift in Sources */ = {isa = PBXBuildFile; fileRef = 33E7BABB299E06B700D85031 /* User.swift */; };
		33E7BABE299E08BB00D85031 /* BloodGroupEnum.swift in Sources */ = {isa = PBXBuildFile; fileRef = 33E7BABD299E08BB00D85031 /* BloodGroupEnum.swift */; };
		33E7BAC4299E3F2C00D85031 /* MainDatabase.swift in Sources */ = {isa = PBXBuildFile; fileRef = 33E7BAC3299E3F2C00D85031 /* MainDatabase.swift */; };
		33E7BAC6299E3F6F00D85031 /* DatabaseManager.swift in Sources */ = {isa = PBXBuildFile; fileRef = 33E7BAC5299E3F6F00D85031 /* DatabaseManager.swift */; };
		33E7BAC8299E43E000D85031 /* PortalFunctions.swift in Sources */ = {isa = PBXBuildFile; fileRef = 33E7BAC7299E43E000D85031 /* PortalFunctions.swift */; };
		33E7BACB299E463900D85031 /* StudentPortal.swift in Sources */ = {isa = PBXBuildFile; fileRef = 33E7BACA299E463900D85031 /* StudentPortal.swift */; };
		33E7BACE299E4A8E00D85031 /* Account.swift in Sources */ = {isa = PBXBuildFile; fileRef = 33E7BACD299E4A8E00D85031 /* Account.swift */; };
		33E7BAD0299E659200D85031 /* PortalOptions.swift in Sources */ = {isa = PBXBuildFile; fileRef = 33E7BACF299E659200D85031 /* PortalOptions.swift */; };
		33E7BAD2299F3B3C00D85031 /* SignUpPage.swift in Sources */ = {isa = PBXBuildFile; fileRef = 33E7BAD1299F3B3C00D85031 /* SignUpPage.swift */; };
		33E7BAD4299F451900D85031 /* Profile.swift in Sources */ = {isa = PBXBuildFile; fileRef = 33E7BAD3299F451900D85031 /* Profile.swift */; };
		33E7BAD7299F4CB500D85031 /* UtilFunctions.swift in Sources */ = {isa = PBXBuildFile; fileRef = 33E7BAD6299F4CB500D85031 /* UtilFunctions.swift */; };
		33E7BAD9299F556D00D85031 /* DepartmentEnum.swift in Sources */ = {isa = PBXBuildFile; fileRef = 33E7BAD8299F556D00D85031 /* DepartmentEnum.swift */; };
		33E7BADB299F5AFE00D85031 /* ModeEnum.swift in Sources */ = {isa = PBXBuildFile; fileRef = 33E7BADA299F5AFE00D85031 /* ModeEnum.swift */; };
		33E7BADD299F608900D85031 /* ResidentialStatusEnum.swift in Sources */ = {isa = PBXBuildFile; fileRef = 33E7BADC299F608900D85031 /* ResidentialStatusEnum.swift */; };
		33E7BADF299F8A0A00D85031 /* ProfileManager.swift in Sources */ = {isa = PBXBuildFile; fileRef = 33E7BADE299F8A0A00D85031 /* ProfileManager.swift */; };
/* End PBXBuildFile section */

/* Begin PBXCopyFilesBuildPhase section */
		33E37E0D299AA0680051EA44 /* CopyFiles */ = {
			isa = PBXCopyFilesBuildPhase;
			buildActionMask = 2147483647;
			dstPath = /usr/share/man/man1/;
			dstSubfolderSpec = 0;
			files = (
			);
			runOnlyForDeploymentPostprocessing = 1;
		};
/* End PBXCopyFilesBuildPhase section */

/* Begin PBXFileReference section */
		331F6E4629A27AE60062B334 /* SignInPage.swift */ = {isa = PBXFileReference; lastKnownFileType = sourcecode.swift; path = SignInPage.swift; sourceTree = "<group>"; };
		331F6E4829A2810B0062B334 /* PortalMenuOptions.swift */ = {isa = PBXFileReference; lastKnownFileType = sourcecode.swift; path = PortalMenuOptions.swift; sourceTree = "<group>"; };
		331F6E4A29A285290062B334 /* PortalMenuPage.swift */ = {isa = PBXFileReference; lastKnownFileType = sourcecode.swift; path = PortalMenuPage.swift; sourceTree = "<group>"; };
		331F6E4C29A32BFE0062B334 /* ProfileMenuOptions.swift */ = {isa = PBXFileReference; lastKnownFileType = sourcecode.swift; path = ProfileMenuOptions.swift; sourceTree = "<group>"; };
		331F6E4E29A48C090062B334 /* profileMenuPage.swift */ = {isa = PBXFileReference; lastKnownFileType = sourcecode.swift; path = profileMenuPage.swift; sourceTree = "<group>"; };
		33E37E0F299AA0680051EA44 /* StudentPortal */ = {isa = PBXFileReference; explicitFileType = "compiled.mach-o.executable"; includeInIndex = 0; path = StudentPortal; sourceTree = BUILT_PRODUCTS_DIR; };
		33E37E12299AA0680051EA44 /* main.swift */ = {isa = PBXFileReference; lastKnownFileType = sourcecode.swift; path = main.swift; sourceTree = "<group>"; };
		33E37E1A299AA0870051EA44 /* Admin.swift */ = {isa = PBXFileReference; lastKnownFileType = sourcecode.swift; path = Admin.swift; sourceTree = "<group>"; };
		33E37E1C299AA0910051EA44 /* Student.swift */ = {isa = PBXFileReference; lastKnownFileType = sourcecode.swift; path = Student.swift; sourceTree = "<group>"; };
		33E7BABB299E06B700D85031 /* User.swift */ = {isa = PBXFileReference; lastKnownFileType = sourcecode.swift; path = User.swift; sourceTree = "<group>"; };
		33E7BABD299E08BB00D85031 /* BloodGroupEnum.swift */ = {isa = PBXFileReference; lastKnownFileType = sourcecode.swift; path = BloodGroupEnum.swift; sourceTree = "<group>"; };
		33E7BAC3299E3F2C00D85031 /* MainDatabase.swift */ = {isa = PBXFileReference; lastKnownFileType = sourcecode.swift; path = MainDatabase.swift; sourceTree = "<group>"; };
		33E7BAC5299E3F6F00D85031 /* DatabaseManager.swift */ = {isa = PBXFileReference; lastKnownFileType = sourcecode.swift; path = DatabaseManager.swift; sourceTree = "<group>"; };
		33E7BAC7299E43E000D85031 /* PortalFunctions.swift */ = {isa = PBXFileReference; lastKnownFileType = sourcecode.swift; path = PortalFunctions.swift; sourceTree = "<group>"; };
		33E7BACA299E463900D85031 /* StudentPortal.swift */ = {isa = PBXFileReference; lastKnownFileType = sourcecode.swift; path = StudentPortal.swift; sourceTree = "<group>"; };
		33E7BACD299E4A8E00D85031 /* Account.swift */ = {isa = PBXFileReference; lastKnownFileType = sourcecode.swift; path = Account.swift; sourceTree = "<group>"; };
		33E7BACF299E659200D85031 /* PortalOptions.swift */ = {isa = PBXFileReference; lastKnownFileType = sourcecode.swift; path = PortalOptions.swift; sourceTree = "<group>"; };
		33E7BAD1299F3B3C00D85031 /* SignUpPage.swift */ = {isa = PBXFileReference; lastKnownFileType = sourcecode.swift; path = SignUpPage.swift; sourceTree = "<group>"; };
		33E7BAD3299F451900D85031 /* Profile.swift */ = {isa = PBXFileReference; lastKnownFileType = sourcecode.swift; path = Profile.swift; sourceTree = "<group>"; };
		33E7BAD6299F4CB500D85031 /* UtilFunctions.swift */ = {isa = PBXFileReference; lastKnownFileType = sourcecode.swift; path = UtilFunctions.swift; sourceTree = "<group>"; };
		33E7BAD8299F556D00D85031 /* DepartmentEnum.swift */ = {isa = PBXFileReference; lastKnownFileType = sourcecode.swift; path = DepartmentEnum.swift; sourceTree = "<group>"; };
		33E7BADA299F5AFE00D85031 /* ModeEnum.swift */ = {isa = PBXFileReference; lastKnownFileType = sourcecode.swift; path = ModeEnum.swift; sourceTree = "<group>"; };
		33E7BADC299F608900D85031 /* ResidentialStatusEnum.swift */ = {isa = PBXFileReference; lastKnownFileType = sourcecode.swift; path = ResidentialStatusEnum.swift; sourceTree = "<group>"; };
		33E7BADE299F8A0A00D85031 /* ProfileManager.swift */ = {isa = PBXFileReference; lastKnownFileType = sourcecode.swift; path = ProfileManager.swift; sourceTree = "<group>"; };
/* End PBXFileReference section */

/* Begin PBXFrameworksBuildPhase section */
		33E37E0C299AA0680051EA44 /* Frameworks */ = {
			isa = PBXFrameworksBuildPhase;
			buildActionMask = 2147483647;
			files = (
			);
			runOnlyForDeploymentPostprocessing = 0;
		};
/* End PBXFrameworksBuildPhase section */

/* Begin PBXGroup section */
		331F6E5029A48EB60062B334 /* ProfileView */ = {
			isa = PBXGroup;
			children = (
				33E7BADC299F608900D85031 /* ResidentialStatusEnum.swift */,
				33E7BAD8299F556D00D85031 /* DepartmentEnum.swift */,
				33E7BADA299F5AFE00D85031 /* ModeEnum.swift */,
				33E7BAD3299F451900D85031 /* Profile.swift */,
				33E7BABD299E08BB00D85031 /* BloodGroupEnum.swift */,
			);
			path = ProfileView;
			sourceTree = "<group>";
		};
		331F6E5329A48F750062B334 /* PortalView */ = {
			isa = PBXGroup;
			children = (
				331F6E4829A2810B0062B334 /* PortalMenuOptions.swift */,
				331F6E4A29A285290062B334 /* PortalMenuPage.swift */,
			);
			path = PortalView;
			sourceTree = "<group>";
		};
		33E37E06299AA0680051EA44 = {
			isa = PBXGroup;
			children = (
				33E7BAD5299F4C9B00D85031 /* Helper */,
				33E7BACC299E4A7000D85031 /* AccountService */,
				33E7BAC2299E3F0900D85031 /* PortalDatabase */,
				33E7BAB9299DEF5E00D85031 /* ResultPage */,
				33E7BAB8299DEF5500D85031 /* FeePage */,
				33E7BAB7299DEF4500D85031 /* ProfilePage */,
				33E7BAB6299DEF1E00D85031 /* Portal */,
				33E37E19299AA0750051EA44 /* Users */,
				33E37E11299AA0680051EA44 /* View */,
				33E37E10299AA0680051EA44 /* Products */,
			);
			sourceTree = "<group>";
		};
		33E37E10299AA0680051EA44 /* Products */ = {
			isa = PBXGroup;
			children = (
				33E37E0F299AA0680051EA44 /* StudentPortal */,
			);
			name = Products;
			sourceTree = "<group>";
		};
		33E37E11299AA0680051EA44 /* View */ = {
			isa = PBXGroup;
			children = (
				33E37E12299AA0680051EA44 /* main.swift */,
				33E7BAD1299F3B3C00D85031 /* SignUpPage.swift */,
				331F6E4629A27AE60062B334 /* SignInPage.swift */,
				331F6E5329A48F750062B334 /* PortalView */,
				331F6E5029A48EB60062B334 /* ProfileView */,
				331F6E4E29A48C090062B334 /* profileMenuPage.swift */,
			);
			path = View;
			sourceTree = "<group>";
		};
		33E37E19299AA0750051EA44 /* Users */ = {
			isa = PBXGroup;
			children = (
				33E37E1A299AA0870051EA44 /* Admin.swift */,
				33E37E1C299AA0910051EA44 /* Student.swift */,
				33E7BABB299E06B700D85031 /* User.swift */,
			);
			path = Users;
			sourceTree = "<group>";
		};
		33E7BAB6299DEF1E00D85031 /* Portal */ = {
			isa = PBXGroup;
			children = (
				33E7BACF299E659200D85031 /* PortalOptions.swift */,
				33E7BACA299E463900D85031 /* StudentPortal.swift */,
				33E7BAC7299E43E000D85031 /* PortalFunctions.swift */,
			);
			path = Portal;
			sourceTree = "<group>";
		};
		33E7BAB7299DEF4500D85031 /* ProfilePage */ = {
			isa = PBXGroup;
			children = (
				33E7BADE299F8A0A00D85031 /* ProfileManager.swift */,
				331F6E4C29A32BFE0062B334 /* ProfileMenuOptions.swift */,
			);
			path = ProfilePage;
			sourceTree = "<group>";
		};
		33E7BAB8299DEF5500D85031 /* FeePage */ = {
			isa = PBXGroup;
			children = (
			);
			path = FeePage;
			sourceTree = "<group>";
		};
		33E7BAB9299DEF5E00D85031 /* ResultPage */ = {
			isa = PBXGroup;
			children = (
			);
			path = ResultPage;
			sourceTree = "<group>";
		};
		33E7BAC2299E3F0900D85031 /* PortalDatabase */ = {
			isa = PBXGroup;
			children = (
				33E7BAC3299E3F2C00D85031 /* MainDatabase.swift */,
				33E7BAC5299E3F6F00D85031 /* DatabaseManager.swift */,
			);
			path = PortalDatabase;
			sourceTree = "<group>";
		};
		33E7BACC299E4A7000D85031 /* AccountService */ = {
			isa = PBXGroup;
			children = (
				33E7BACD299E4A8E00D85031 /* Account.swift */,
			);
			path = AccountService;
			sourceTree = "<group>";
		};
		33E7BAD5299F4C9B00D85031 /* Helper */ = {
			isa = PBXGroup;
			children = (
				33E7BAD6299F4CB500D85031 /* UtilFunctions.swift */,
			);
			path = Helper;
			sourceTree = "<group>";
		};
/* End PBXGroup section */

/* Begin PBXNativeTarget section */
		33E37E0E299AA0680051EA44 /* StudentPortal */ = {
			isa = PBXNativeTarget;
			buildConfigurationList = 33E37E16299AA0680051EA44 /* Build configuration list for PBXNativeTarget "StudentPortal" */;
			buildPhases = (
				33E37E0B299AA0680051EA44 /* Sources */,
				33E37E0C299AA0680051EA44 /* Frameworks */,
				33E37E0D299AA0680051EA44 /* CopyFiles */,
			);
			buildRules = (
			);
			dependencies = (
			);
			name = StudentPortal;
			productName = StudentPortal;
			productReference = 33E37E0F299AA0680051EA44 /* StudentPortal */;
			productType = "com.apple.product-type.tool";
		};
/* End PBXNativeTarget section */

/* Begin PBXProject section */
		33E37E07299AA0680051EA44 /* Project object */ = {
			isa = PBXProject;
			attributes = {
				BuildIndependentTargetsInParallel = 1;
				LastSwiftUpdateCheck = 1420;
				LastUpgradeCheck = 1420;
				TargetAttributes = {
					33E37E0E299AA0680051EA44 = {
						CreatedOnToolsVersion = 14.2;
					};
				};
			};
			buildConfigurationList = 33E37E0A299AA0680051EA44 /* Build configuration list for PBXProject "StudentPortal" */;
			compatibilityVersion = "Xcode 14.0";
			developmentRegion = en;
			hasScannedForEncodings = 0;
			knownRegions = (
				en,
				Base,
			);
			mainGroup = 33E37E06299AA0680051EA44;
			productRefGroup = 33E37E10299AA0680051EA44 /* Products */;
			projectDirPath = "";
			projectRoot = "";
			targets = (
				33E37E0E299AA0680051EA44 /* StudentPortal */,
			);
		};
/* End PBXProject section */

/* Begin PBXSourcesBuildPhase section */
		33E37E0B299AA0680051EA44 /* Sources */ = {
			isa = PBXSourcesBuildPhase;
			buildActionMask = 2147483647;
			files = (
				331F6E4729A27AE60062B334 /* SignInPage.swift in Sources */,
				33E7BAD2299F3B3C00D85031 /* SignUpPage.swift in Sources */,
				33E7BAC6299E3F6F00D85031 /* DatabaseManager.swift in Sources */,
				33E7BAD7299F4CB500D85031 /* UtilFunctions.swift in Sources */,
				33E7BACE299E4A8E00D85031 /* Account.swift in Sources */,
				331F6E4929A2810B0062B334 /* PortalMenuOptions.swift in Sources */,
				33E7BAD4299F451900D85031 /* Profile.swift in Sources */,
				33E7BABC299E06B700D85031 /* User.swift in Sources */,
				33E37E13299AA0680051EA44 /* main.swift in Sources */,
				33E7BADB299F5AFE00D85031 /* ModeEnum.swift in Sources */,
				33E7BAD9299F556D00D85031 /* DepartmentEnum.swift in Sources */,
				331F6E4B29A285290062B334 /* PortalMenuPage.swift in Sources */,
				33E7BAC8299E43E000D85031 /* PortalFunctions.swift in Sources */,
				33E7BADD299F608900D85031 /* ResidentialStatusEnum.swift in Sources */,
				33E7BABE299E08BB00D85031 /* BloodGroupEnum.swift in Sources */,
				331F6E4D29A32BFE0062B334 /* ProfileMenuOptions.swift in Sources */,
				33E7BAC4299E3F2C00D85031 /* MainDatabase.swift in Sources */,
				33E7BAD0299E659200D85031 /* PortalOptions.swift in Sources */,
				33E7BACB299E463900D85031 /* StudentPortal.swift in Sources */,
				33E37E1D299AA0910051EA44 /* Student.swift in Sources */,
				33E37E1B299AA0870051EA44 /* Admin.swift in Sources */,
				33E7BADF299F8A0A00D85031 /* ProfileManager.swift in Sources */,
				331F6E4F29A48C090062B334 /* profileMenuPage.swift in Sources */,
			);
			runOnlyForDeploymentPostprocessing = 0;
		};
/* End PBXSourcesBuildPhase section */

/* Begin XCBuildConfiguration section */
		33E37E14299AA0680051EA44 /* Debug */ = {
			isa = XCBuildConfiguration;
			buildSettings = {
				ALWAYS_SEARCH_USER_PATHS = NO;
				CLANG_ANALYZER_NONNULL = YES;
				CLANG_ANALYZER_NUMBER_OBJECT_CONVERSION = YES_AGGRESSIVE;
				CLANG_CXX_LANGUAGE_STANDARD = "gnu++20";
				CLANG_ENABLE_MODULES = YES;
				CLANG_ENABLE_OBJC_ARC = YES;
				CLANG_ENABLE_OBJC_WEAK = YES;
				CLANG_WARN_BLOCK_CAPTURE_AUTORELEASING = YES;
				CLANG_WARN_BOOL_CONVERSION = YES;
				CLANG_WARN_COMMA = YES;
				CLANG_WARN_CONSTANT_CONVERSION = YES;
				CLANG_WARN_DEPRECATED_OBJC_IMPLEMENTATIONS = YES;
				CLANG_WARN_DIRECT_OBJC_ISA_USAGE = YES_ERROR;
				CLANG_WARN_DOCUMENTATION_COMMENTS = YES;
				CLANG_WARN_EMPTY_BODY = YES;
				CLANG_WARN_ENUM_CONVERSION = YES;
				CLANG_WARN_INFINITE_RECURSION = YES;
				CLANG_WARN_INT_CONVERSION = YES;
				CLANG_WARN_NON_LITERAL_NULL_CONVERSION = YES;
				CLANG_WARN_OBJC_IMPLICIT_RETAIN_SELF = YES;
				CLANG_WARN_OBJC_LITERAL_CONVERSION = YES;
				CLANG_WARN_OBJC_ROOT_CLASS = YES_ERROR;
				CLANG_WARN_QUOTED_INCLUDE_IN_FRAMEWORK_HEADER = YES;
				CLANG_WARN_RANGE_LOOP_ANALYSIS = YES;
				CLANG_WARN_STRICT_PROTOTYPES = YES;
				CLANG_WARN_SUSPICIOUS_MOVE = YES;
				CLANG_WARN_UNGUARDED_AVAILABILITY = YES_AGGRESSIVE;
				CLANG_WARN_UNREACHABLE_CODE = YES;
				CLANG_WARN__DUPLICATE_METHOD_MATCH = YES;
				COPY_PHASE_STRIP = NO;
				DEBUG_INFORMATION_FORMAT = dwarf;
				ENABLE_STRICT_OBJC_MSGSEND = YES;
				ENABLE_TESTABILITY = YES;
				GCC_C_LANGUAGE_STANDARD = gnu11;
				GCC_DYNAMIC_NO_PIC = NO;
				GCC_NO_COMMON_BLOCKS = YES;
				GCC_OPTIMIZATION_LEVEL = 0;
				GCC_PREPROCESSOR_DEFINITIONS = (
					"DEBUG=1",
					"$(inherited)",
				);
				GCC_WARN_64_TO_32_BIT_CONVERSION = YES;
				GCC_WARN_ABOUT_RETURN_TYPE = YES_ERROR;
				GCC_WARN_UNDECLARED_SELECTOR = YES;
				GCC_WARN_UNINITIALIZED_AUTOS = YES_AGGRESSIVE;
				GCC_WARN_UNUSED_FUNCTION = YES;
				GCC_WARN_UNUSED_VARIABLE = YES;
				MACOSX_DEPLOYMENT_TARGET = 12.6;
				MTL_ENABLE_DEBUG_INFO = INCLUDE_SOURCE;
				MTL_FAST_MATH = YES;
				ONLY_ACTIVE_ARCH = YES;
				SDKROOT = macosx;
				SWIFT_ACTIVE_COMPILATION_CONDITIONS = DEBUG;
				SWIFT_OPTIMIZATION_LEVEL = "-Onone";
			};
			name = Debug;
		};
		33E37E15299AA0680051EA44 /* Release */ = {
			isa = XCBuildConfiguration;
			buildSettings = {
				ALWAYS_SEARCH_USER_PATHS = NO;
				CLANG_ANALYZER_NONNULL = YES;
				CLANG_ANALYZER_NUMBER_OBJECT_CONVERSION = YES_AGGRESSIVE;
				CLANG_CXX_LANGUAGE_STANDARD = "gnu++20";
				CLANG_ENABLE_MODULES = YES;
				CLANG_ENABLE_OBJC_ARC = YES;
				CLANG_ENABLE_OBJC_WEAK = YES;
				CLANG_WARN_BLOCK_CAPTURE_AUTORELEASING = YES;
				CLANG_WARN_BOOL_CONVERSION = YES;
				CLANG_WARN_COMMA = YES;
				CLANG_WARN_CONSTANT_CONVERSION = YES;
				CLANG_WARN_DEPRECATED_OBJC_IMPLEMENTATIONS = YES;
				CLANG_WARN_DIRECT_OBJC_ISA_USAGE = YES_ERROR;
				CLANG_WARN_DOCUMENTATION_COMMENTS = YES;
				CLANG_WARN_EMPTY_BODY = YES;
				CLANG_WARN_ENUM_CONVERSION = YES;
				CLANG_WARN_INFINITE_RECURSION = YES;
				CLANG_WARN_INT_CONVERSION = YES;
				CLANG_WARN_NON_LITERAL_NULL_CONVERSION = YES;
				CLANG_WARN_OBJC_IMPLICIT_RETAIN_SELF = YES;
				CLANG_WARN_OBJC_LITERAL_CONVERSION = YES;
				CLANG_WARN_OBJC_ROOT_CLASS = YES_ERROR;
				CLANG_WARN_QUOTED_INCLUDE_IN_FRAMEWORK_HEADER = YES;
				CLANG_WARN_RANGE_LOOP_ANALYSIS = YES;
				CLANG_WARN_STRICT_PROTOTYPES = YES;
				CLANG_WARN_SUSPICIOUS_MOVE = YES;
				CLANG_WARN_UNGUARDED_AVAILABILITY = YES_AGGRESSIVE;
				CLANG_WARN_UNREACHABLE_CODE = YES;
				CLANG_WARN__DUPLICATE_METHOD_MATCH = YES;
				COPY_PHASE_STRIP = NO;
				DEBUG_INFORMATION_FORMAT = "dwarf-with-dsym";
				ENABLE_NS_ASSERTIONS = NO;
				ENABLE_STRICT_OBJC_MSGSEND = YES;
				GCC_C_LANGUAGE_STANDARD = gnu11;
				GCC_NO_COMMON_BLOCKS = YES;
				GCC_WARN_64_TO_32_BIT_CONVERSION = YES;
				GCC_WARN_ABOUT_RETURN_TYPE = YES_ERROR;
				GCC_WARN_UNDECLARED_SELECTOR = YES;
				GCC_WARN_UNINITIALIZED_AUTOS = YES_AGGRESSIVE;
				GCC_WARN_UNUSED_FUNCTION = YES;
				GCC_WARN_UNUSED_VARIABLE = YES;
				MACOSX_DEPLOYMENT_TARGET = 12.6;
				MTL_ENABLE_DEBUG_INFO = NO;
				MTL_FAST_MATH = YES;
				SDKROOT = macosx;
				SWIFT_COMPILATION_MODE = wholemodule;
				SWIFT_OPTIMIZATION_LEVEL = "-O";
			};
			name = Release;
		};
		33E37E17299AA0680051EA44 /* Debug */ = {
			isa = XCBuildConfiguration;
			buildSettings = {
				CODE_SIGN_STYLE = Automatic;
				PRODUCT_NAME = "$(TARGET_NAME)";
				SWIFT_VERSION = 5.0;
			};
			name = Debug;
		};
		33E37E18299AA0680051EA44 /* Release */ = {
			isa = XCBuildConfiguration;
			buildSettings = {
				CODE_SIGN_STYLE = Automatic;
				PRODUCT_NAME = "$(TARGET_NAME)";
				SWIFT_VERSION = 5.0;
			};
			name = Release;
		};
/* End XCBuildConfiguration section */

/* Begin XCConfigurationList section */
		33E37E0A299AA0680051EA44 /* Build configuration list for PBXProject "StudentPortal" */ = {
			isa = XCConfigurationList;
			buildConfigurations = (
				33E37E14299AA0680051EA44 /* Debug */,
				33E37E15299AA0680051EA44 /* Release */,
			);
			defaultConfigurationIsVisible = 0;
			defaultConfigurationName = Release;
		};
		33E37E16299AA0680051EA44 /* Build configuration list for PBXNativeTarget "StudentPortal" */ = {
			isa = XCConfigurationList;
			buildConfigurations = (
				33E37E17299AA0680051EA44 /* Debug */,
				33E37E18299AA0680051EA44 /* Release */,
			);
			defaultConfigurationIsVisible = 0;
			defaultConfigurationName = Release;
		};
/* End XCConfigurationList section */
	};
	rootObject = 33E37E07299AA0680051EA44 /* Project object */;
}
